// !$*UTF8*$!
{
	archiveVersion = 1;
	classes = {
	};
	objectVersion = 46;
	objects = {

/* Begin PBXAggregateTarget section */
		450038210D82FAD6001F82C7 /* All */ = {
			isa = PBXAggregateTarget;
			buildConfigurationList = 450038320D82FAEA001F82C7 /* Build configuration list for PBXAggregateTarget "All" */;
			buildPhases = (
			);
			dependencies = (
				450038260D82FADC001F82C7 /* PBXTargetDependency */,
				450038280D82FADC001F82C7 /* PBXTargetDependency */,
			);
			name = All;
			productName = All;
		};
/* End PBXAggregateTarget section */

/* Begin PBXBuildFile section */
		453111C40A64EE3D00A970C2 /* main.m in Sources */ = {isa = PBXBuildFile; fileRef = 453111B50A64EDDE00A970C2 /* main.m */; };
		453111CD0A64EE4700A970C2 /* Foundation.framework in Frameworks */ = {isa = PBXBuildFile; fileRef = 29B97325FDCFA39411CA2CEA /* Foundation.framework */; };
		4531137A0A64EE5400A970C2 /* Foundation.framework in Frameworks */ = {isa = PBXBuildFile; fileRef = 29B97325FDCFA39411CA2CEA /* Foundation.framework */; };
		45BB4623174D6C79000473E5 /* CJSONDeserializer.m in Sources */ = {isa = PBXBuildFile; fileRef = 45BB461B174D6C79000473E5 /* CJSONDeserializer.m */; };
		45BB4624174D6C79000473E5 /* CJSONDeserializer.m in Sources */ = {isa = PBXBuildFile; fileRef = 45BB461B174D6C79000473E5 /* CJSONDeserializer.m */; };
		45BB4627174D6C79000473E5 /* CJSONSerializer.m in Sources */ = {isa = PBXBuildFile; fileRef = 45BB461F174D6C79000473E5 /* CJSONSerializer.m */; };
		45BB4628174D6C79000473E5 /* CJSONSerializer.m in Sources */ = {isa = PBXBuildFile; fileRef = 45BB461F174D6C79000473E5 /* CJSONSerializer.m */; };
		45BB4629174D6C79000473E5 /* NSDictionary_JSONExtensions.m in Sources */ = {isa = PBXBuildFile; fileRef = 45BB4622174D6C79000473E5 /* NSDictionary_JSONExtensions.m */; };
		45BB462A174D6C79000473E5 /* NSDictionary_JSONExtensions.m in Sources */ = {isa = PBXBuildFile; fileRef = 45BB4622174D6C79000473E5 /* NSDictionary_JSONExtensions.m */; };
		45BB5FB31305E0DE00B196E4 /* Test Data in CopyFiles */ = {isa = PBXBuildFile; fileRef = 45BB5FB21305E0D500B196E4 /* Test Data */; };
		45DFEBDF0DB7080D009267D5 /* CJSONSerializer_UnitTests.m in Sources */ = {isa = PBXBuildFile; fileRef = 4505886F099952F600FB865F /* CJSONSerializer_UnitTests.m */; };
		45F7EDF21775158A00D6A15C /* Foundation.framework in Frameworks */ = {isa = PBXBuildFile; fileRef = 29B97325FDCFA39411CA2CEA /* Foundation.framework */; };
		45F7EDF41775158A00D6A15C /* CoreGraphics.framework in Frameworks */ = {isa = PBXBuildFile; fileRef = 45F7EDF31775158A00D6A15C /* CoreGraphics.framework */; };
		45F7EDF61775158A00D6A15C /* UIKit.framework in Frameworks */ = {isa = PBXBuildFile; fileRef = 45F7EDF51775158A00D6A15C /* UIKit.framework */; };
		45F7EDFC1775158A00D6A15C /* InfoPlist.strings in Resources */ = {isa = PBXBuildFile; fileRef = 45F7EDFA1775158A00D6A15C /* InfoPlist.strings */; };
		45F7EDFE1775158A00D6A15C /* main.m in Sources */ = {isa = PBXBuildFile; fileRef = 45F7EDFD1775158A00D6A15C /* main.m */; };
		45F7EE021775158A00D6A15C /* CAppDelegate.m in Sources */ = {isa = PBXBuildFile; fileRef = 45F7EE011775158A00D6A15C /* CAppDelegate.m */; };
		45F7EE051775158A00D6A15C /* Main.storyboard in Resources */ = {isa = PBXBuildFile; fileRef = 45F7EE031775158A00D6A15C /* Main.storyboard */; };
		45F7EE081775158A00D6A15C /* CViewController.m in Sources */ = {isa = PBXBuildFile; fileRef = 45F7EE071775158A00D6A15C /* CViewController.m */; };
		45F7EE0A1775158A00D6A15C /* Images.xcassets in Resources */ = {isa = PBXBuildFile; fileRef = 45F7EE091775158A00D6A15C /* Images.xcassets */; };
		45F7EE111775158A00D6A15C /* XCTest.framework in Frameworks */ = {isa = PBXBuildFile; fileRef = 45F7EE101775158A00D6A15C /* XCTest.framework */; };
		45F7EE121775158A00D6A15C /* Foundation.framework in Frameworks */ = {isa = PBXBuildFile; fileRef = 29B97325FDCFA39411CA2CEA /* Foundation.framework */; };
		45F7EE131775158A00D6A15C /* UIKit.framework in Frameworks */ = {isa = PBXBuildFile; fileRef = 45F7EDF51775158A00D6A15C /* UIKit.framework */; };
		45F7EE1B1775158A00D6A15C /* InfoPlist.strings in Resources */ = {isa = PBXBuildFile; fileRef = 45F7EE191775158A00D6A15C /* InfoPlist.strings */; };
		45F7EE1D1775158A00D6A15C /* iOS_BenchmarksTests.m in Sources */ = {isa = PBXBuildFile; fileRef = 45F7EE1C1775158A00D6A15C /* iOS_BenchmarksTests.m */; };
		DEDF6D770E4A4000005D2575 /* CJSONDeserializer_UnitTests.m in Sources */ = {isa = PBXBuildFile; fileRef = DEDF6D750E4A3F64005D2575 /* CJSONDeserializer_UnitTests.m */; };
/* End PBXBuildFile section */

/* Begin PBXContainerItemProxy section */
		450038250D82FADC001F82C7 /* PBXContainerItemProxy */ = {
			isa = PBXContainerItemProxy;
			containerPortal = 29B97313FDCFA39411CA2CEA /* Project object */;
			proxyType = 1;
			remoteGlobalIDString = 45B15E100947D97B00AE66EB;
			remoteInfo = UnitTests;
		};
		450038270D82FADC001F82C7 /* PBXContainerItemProxy */ = {
			isa = PBXContainerItemProxy;
			containerPortal = 29B97313FDCFA39411CA2CEA /* Project object */;
			proxyType = 1;
			remoteGlobalIDString = 453111B00A64EDBB00A970C2;
			remoteInfo = Demo;
		};
		45F7EE141775158A00D6A15C /* PBXContainerItemProxy */ = {
			isa = PBXContainerItemProxy;
			containerPortal = 29B97313FDCFA39411CA2CEA /* Project object */;
			proxyType = 1;
			remoteGlobalIDString = 45F7EDF01775158A00D6A15C;
			remoteInfo = "iOS Benchmarks";
		};
/* End PBXContainerItemProxy section */

/* Begin PBXCopyFilesBuildPhase section */
		454C11461305DE5A0082DD70 /* CopyFiles */ = {
			isa = PBXCopyFilesBuildPhase;
			buildActionMask = 2147483647;
			dstPath = "";
			dstSubfolderSpec = 16;
			files = (
				45BB5FB31305E0DE00B196E4 /* Test Data in CopyFiles */,
			);
			runOnlyForDeploymentPostprocessing = 0;
		};
/* End PBXCopyFilesBuildPhase section */

/* Begin PBXFileReference section */
		29B97325FDCFA39411CA2CEA /* Foundation.framework */ = {isa = PBXFileReference; lastKnownFileType = wrapper.framework; name = Foundation.framework; path = /System/Library/Frameworks/Foundation.framework; sourceTree = "<absolute>"; };
		4505886E099952F600FB865F /* CJSONSerializer_UnitTests.h */ = {isa = PBXFileReference; fileEncoding = 4; lastKnownFileType = sourcecode.c.h; path = CJSONSerializer_UnitTests.h; sourceTree = "<group>"; };
		4505886F099952F600FB865F /* CJSONSerializer_UnitTests.m */ = {isa = PBXFileReference; fileEncoding = 4; lastKnownFileType = sourcecode.c.objc; path = CJSONSerializer_UnitTests.m; sourceTree = "<group>"; };
		45058870099952F600FB865F /* Info.plist */ = {isa = PBXFileReference; fileEncoding = 4; lastKnownFileType = text.plist.xml; path = Info.plist; sourceTree = "<group>"; };
		453111B10A64EDBB00A970C2 /* TouchJSON Demo */ = {isa = PBXFileReference; explicitFileType = "compiled.mach-o.executable"; includeInIndex = 0; path = "TouchJSON Demo"; sourceTree = BUILT_PRODUCTS_DIR; };
		453111B50A64EDDE00A970C2 /* main.m */ = {isa = PBXFileReference; fileEncoding = 4; lastKnownFileType = sourcecode.c.objc; path = main.m; sourceTree = "<group>"; };
		45B15E110947D97B00AE66EB /* UnitTests.octest */ = {isa = PBXFileReference; explicitFileType = wrapper.cfbundle; includeInIndex = 0; path = UnitTests.octest; sourceTree = BUILT_PRODUCTS_DIR; };
		45BB461A174D6C79000473E5 /* CJSONDeserializer.h */ = {isa = PBXFileReference; fileEncoding = 4; lastKnownFileType = sourcecode.c.h; path = CJSONDeserializer.h; sourceTree = "<group>"; };
		45BB461B174D6C79000473E5 /* CJSONDeserializer.m */ = {isa = PBXFileReference; fileEncoding = 4; lastKnownFileType = sourcecode.c.objc; path = CJSONDeserializer.m; sourceTree = "<group>"; };
		45BB461E174D6C79000473E5 /* CJSONSerializer.h */ = {isa = PBXFileReference; fileEncoding = 4; lastKnownFileType = sourcecode.c.h; path = CJSONSerializer.h; sourceTree = "<group>"; };
		45BB461F174D6C79000473E5 /* CJSONSerializer.m */ = {isa = PBXFileReference; fileEncoding = 4; lastKnownFileType = sourcecode.c.objc; path = CJSONSerializer.m; sourceTree = "<group>"; };
		45BB4620174D6C79000473E5 /* JSONRepresentation.h */ = {isa = PBXFileReference; fileEncoding = 4; lastKnownFileType = sourcecode.c.h; path = JSONRepresentation.h; sourceTree = "<group>"; };
		45BB4621174D6C79000473E5 /* NSDictionary_JSONExtensions.h */ = {isa = PBXFileReference; fileEncoding = 4; lastKnownFileType = sourcecode.c.h; path = NSDictionary_JSONExtensions.h; sourceTree = "<group>"; };
		45BB4622174D6C79000473E5 /* NSDictionary_JSONExtensions.m */ = {isa = PBXFileReference; fileEncoding = 4; lastKnownFileType = sourcecode.c.objc; path = NSDictionary_JSONExtensions.m; sourceTree = "<group>"; };
		45BB5FB21305E0D500B196E4 /* Test Data */ = {isa = PBXFileReference; lastKnownFileType = folder; path = "Test Data"; sourceTree = "<group>"; };
		45F7EDF11775158A00D6A15C /* iOS Benchmarks.app */ = {isa = PBXFileReference; explicitFileType = wrapper.application; includeInIndex = 0; path = "iOS Benchmarks.app"; sourceTree = BUILT_PRODUCTS_DIR; };
		45F7EDF31775158A00D6A15C /* CoreGraphics.framework */ = {isa = PBXFileReference; lastKnownFileType = wrapper.framework; name = CoreGraphics.framework; path = System/Library/Frameworks/CoreGraphics.framework; sourceTree = SDKROOT; };
		45F7EDF51775158A00D6A15C /* UIKit.framework */ = {isa = PBXFileReference; lastKnownFileType = wrapper.framework; name = UIKit.framework; path = Library/Frameworks/UIKit.framework; sourceTree = DEVELOPER_DIR; };
		45F7EDF91775158A00D6A15C /* iOS Benchmarks-Info.plist */ = {isa = PBXFileReference; lastKnownFileType = text.plist.xml; path = "iOS Benchmarks-Info.plist"; sourceTree = "<group>"; };
		45F7EDFB1775158A00D6A15C /* en */ = {isa = PBXFileReference; lastKnownFileType = text.plist.strings; name = en; path = en.lproj/InfoPlist.strings; sourceTree = "<group>"; };
		45F7EDFD1775158A00D6A15C /* main.m */ = {isa = PBXFileReference; lastKnownFileType = sourcecode.c.objc; path = main.m; sourceTree = "<group>"; };
		45F7EDFF1775158A00D6A15C /* iOS Benchmarks-Prefix.pch */ = {isa = PBXFileReference; lastKnownFileType = sourcecode.c.h; path = "iOS Benchmarks-Prefix.pch"; sourceTree = "<group>"; };
		45F7EE001775158A00D6A15C /* CAppDelegate.h */ = {isa = PBXFileReference; lastKnownFileType = sourcecode.c.h; path = CAppDelegate.h; sourceTree = "<group>"; };
		45F7EE011775158A00D6A15C /* CAppDelegate.m */ = {isa = PBXFileReference; lastKnownFileType = sourcecode.c.objc; path = CAppDelegate.m; sourceTree = "<group>"; };
		45F7EE041775158A00D6A15C /* Base */ = {isa = PBXFileReference; lastKnownFileType = file.storyboard; name = Base; path = Base.lproj/Main.storyboard; sourceTree = "<group>"; };
		45F7EE061775158A00D6A15C /* CViewController.h */ = {isa = PBXFileReference; lastKnownFileType = sourcecode.c.h; path = CViewController.h; sourceTree = "<group>"; };
		45F7EE071775158A00D6A15C /* CViewController.m */ = {isa = PBXFileReference; lastKnownFileType = sourcecode.c.objc; path = CViewController.m; sourceTree = "<group>"; };
		45F7EE091775158A00D6A15C /* Images.xcassets */ = {isa = PBXFileReference; lastKnownFileType = folder.assetcatalog; path = Images.xcassets; sourceTree = "<group>"; };
		45F7EE0F1775158A00D6A15C /* iOS BenchmarksTests.xctest */ = {isa = PBXFileReference; explicitFileType = wrapper.cfbundle; includeInIndex = 0; path = "iOS BenchmarksTests.xctest"; sourceTree = BUILT_PRODUCTS_DIR; };
		45F7EE101775158A00D6A15C /* XCTest.framework */ = {isa = PBXFileReference; lastKnownFileType = wrapper.framework; name = XCTest.framework; path = Library/Frameworks/XCTest.framework; sourceTree = DEVELOPER_DIR; };
		45F7EE181775158A00D6A15C /* iOS BenchmarksTests-Info.plist */ = {isa = PBXFileReference; lastKnownFileType = text.plist.xml; path = "iOS BenchmarksTests-Info.plist"; sourceTree = "<group>"; };
		45F7EE1A1775158A00D6A15C /* en */ = {isa = PBXFileReference; lastKnownFileType = text.plist.strings; name = en; path = en.lproj/InfoPlist.strings; sourceTree = "<group>"; };
		45F7EE1C1775158A00D6A15C /* iOS_BenchmarksTests.m */ = {isa = PBXFileReference; lastKnownFileType = sourcecode.c.objc; path = iOS_BenchmarksTests.m; sourceTree = "<group>"; };
		DEDF6D740E4A3F64005D2575 /* CJSONDeserializer_UnitTests.h */ = {isa = PBXFileReference; fileEncoding = 4; lastKnownFileType = sourcecode.c.h; path = CJSONDeserializer_UnitTests.h; sourceTree = "<group>"; };
		DEDF6D750E4A3F64005D2575 /* CJSONDeserializer_UnitTests.m */ = {isa = PBXFileReference; fileEncoding = 4; lastKnownFileType = sourcecode.c.objc; path = CJSONDeserializer_UnitTests.m; sourceTree = "<group>"; };
/* End PBXFileReference section */

/* Begin PBXFrameworksBuildPhase section */
		453111AF0A64EDBB00A970C2 /* Frameworks */ = {
			isa = PBXFrameworksBuildPhase;
			buildActionMask = 2147483647;
			files = (
				453111CD0A64EE4700A970C2 /* Foundation.framework in Frameworks */,
			);
			runOnlyForDeploymentPostprocessing = 0;
		};
		45B15E0E0947D97B00AE66EB /* Frameworks */ = {
			isa = PBXFrameworksBuildPhase;
			buildActionMask = 2147483647;
			files = (
				4531137A0A64EE5400A970C2 /* Foundation.framework in Frameworks */,
			);
			runOnlyForDeploymentPostprocessing = 0;
		};
		45F7EDEE1775158A00D6A15C /* Frameworks */ = {
			isa = PBXFrameworksBuildPhase;
			buildActionMask = 2147483647;
			files = (
				45F7EDF41775158A00D6A15C /* CoreGraphics.framework in Frameworks */,
				45F7EDF61775158A00D6A15C /* UIKit.framework in Frameworks */,
				45F7EDF21775158A00D6A15C /* Foundation.framework in Frameworks */,
			);
			runOnlyForDeploymentPostprocessing = 0;
		};
		45F7EE0C1775158A00D6A15C /* Frameworks */ = {
			isa = PBXFrameworksBuildPhase;
			buildActionMask = 2147483647;
			files = (
				45F7EE111775158A00D6A15C /* XCTest.framework in Frameworks */,
				45F7EE131775158A00D6A15C /* UIKit.framework in Frameworks */,
				45F7EE121775158A00D6A15C /* Foundation.framework in Frameworks */,
			);
			runOnlyForDeploymentPostprocessing = 0;
		};
/* End PBXFrameworksBuildPhase section */

/* Begin PBXGroup section */
		19C28FACFE9D520D11CA2CBB /* Products */ = {
			isa = PBXGroup;
			children = (
				45B15E110947D97B00AE66EB /* UnitTests.octest */,
				453111B10A64EDBB00A970C2 /* TouchJSON Demo */,
				45F7EDF11775158A00D6A15C /* iOS Benchmarks.app */,
				45F7EE0F1775158A00D6A15C /* iOS BenchmarksTests.xctest */,
			);
			name = Products;
			sourceTree = "<group>";
		};
		29B97314FDCFA39411CA2CEA /* Sample */ = {
			isa = PBXGroup;
			children = (
				45BB4619174D6C79000473E5 /* Source */,
				453111AD0A64EDAA00A970C2 /* Demo */,
				4505886B099952F600FB865F /* UnitTests */,
				45BB5FB21305E0D500B196E4 /* Test Data */,
				45F7EDF71775158A00D6A15C /* iOS Benchmarks */,
				45F7EE161775158A00D6A15C /* iOS BenchmarksTests */,
				29B97323FDCFA39411CA2CEA /* Frameworks */,
				19C28FACFE9D520D11CA2CBB /* Products */,
			);
			name = Sample;
			sourceTree = "<group>";
			usesTabs = 0;
		};
		29B97323FDCFA39411CA2CEA /* Frameworks */ = {
			isa = PBXGroup;
			children = (
				29B97325FDCFA39411CA2CEA /* Foundation.framework */,
				45F7EDF31775158A00D6A15C /* CoreGraphics.framework */,
				45F7EDF51775158A00D6A15C /* UIKit.framework */,
				45F7EE101775158A00D6A15C /* XCTest.framework */,
			);
			name = Frameworks;
			sourceTree = "<group>";
		};
		4505886B099952F600FB865F /* UnitTests */ = {
			isa = PBXGroup;
			children = (
				4505886E099952F600FB865F /* CJSONSerializer_UnitTests.h */,
				4505886F099952F600FB865F /* CJSONSerializer_UnitTests.m */,
				45058870099952F600FB865F /* Info.plist */,
				DEDF6D740E4A3F64005D2575 /* CJSONDeserializer_UnitTests.h */,
				DEDF6D750E4A3F64005D2575 /* CJSONDeserializer_UnitTests.m */,
			);
			path = UnitTests;
			sourceTree = "<group>";
		};
		453111AD0A64EDAA00A970C2 /* Demo */ = {
			isa = PBXGroup;
			children = (
				453111B50A64EDDE00A970C2 /* main.m */,
			);
			path = Demo;
			sourceTree = "<group>";
		};
		45BB4619174D6C79000473E5 /* Source */ = {
			isa = PBXGroup;
			children = (
				45BB461A174D6C79000473E5 /* CJSONDeserializer.h */,
				45BB461B174D6C79000473E5 /* CJSONDeserializer.m */,
				45BB461E174D6C79000473E5 /* CJSONSerializer.h */,
				45BB461F174D6C79000473E5 /* CJSONSerializer.m */,
				45BB4620174D6C79000473E5 /* JSONRepresentation.h */,
				45BB4621174D6C79000473E5 /* NSDictionary_JSONExtensions.h */,
				45BB4622174D6C79000473E5 /* NSDictionary_JSONExtensions.m */,
			);
			name = Source;
			path = ../Source;
			sourceTree = "<group>";
		};
		45F7EDF71775158A00D6A15C /* iOS Benchmarks */ = {
			isa = PBXGroup;
			children = (
				45F7EE001775158A00D6A15C /* CAppDelegate.h */,
				45F7EE011775158A00D6A15C /* CAppDelegate.m */,
				45F7EE031775158A00D6A15C /* Main.storyboard */,
				45F7EE061775158A00D6A15C /* CViewController.h */,
				45F7EE071775158A00D6A15C /* CViewController.m */,
				45F7EE091775158A00D6A15C /* Images.xcassets */,
				45F7EDF81775158A00D6A15C /* Supporting Files */,
			);
			path = "iOS Benchmarks";
			sourceTree = "<group>";
		};
		45F7EDF81775158A00D6A15C /* Supporting Files */ = {
			isa = PBXGroup;
			children = (
				45F7EDF91775158A00D6A15C /* iOS Benchmarks-Info.plist */,
				45F7EDFA1775158A00D6A15C /* InfoPlist.strings */,
				45F7EDFD1775158A00D6A15C /* main.m */,
				45F7EDFF1775158A00D6A15C /* iOS Benchmarks-Prefix.pch */,
			);
			name = "Supporting Files";
			sourceTree = "<group>";
		};
		45F7EE161775158A00D6A15C /* iOS BenchmarksTests */ = {
			isa = PBXGroup;
			children = (
				45F7EE1C1775158A00D6A15C /* iOS_BenchmarksTests.m */,
				45F7EE171775158A00D6A15C /* Supporting Files */,
			);
			path = "iOS BenchmarksTests";
			sourceTree = "<group>";
		};
		45F7EE171775158A00D6A15C /* Supporting Files */ = {
			isa = PBXGroup;
			children = (
				45F7EE181775158A00D6A15C /* iOS BenchmarksTests-Info.plist */,
				45F7EE191775158A00D6A15C /* InfoPlist.strings */,
			);
			name = "Supporting Files";
			sourceTree = "<group>";
		};
/* End PBXGroup section */

/* Begin PBXNativeTarget section */
		453111B00A64EDBB00A970C2 /* ConsoleTest (OS X) */ = {
			isa = PBXNativeTarget;
			buildConfigurationList = 453111B70A64EDDE00A970C2 /* Build configuration list for PBXNativeTarget "ConsoleTest (OS X)" */;
			buildPhases = (
				453111AE0A64EDBB00A970C2 /* Sources */,
				453111AF0A64EDBB00A970C2 /* Frameworks */,
				454C11461305DE5A0082DD70 /* CopyFiles */,
			);
			buildRules = (
			);
			dependencies = (
			);
			name = "ConsoleTest (OS X)";
			productName = Demo;
			productReference = 453111B10A64EDBB00A970C2 /* TouchJSON Demo */;
			productType = "com.apple.product-type.tool";
		};
		45B15E100947D97B00AE66EB /* UnitTests (OS X) */ = {
			isa = PBXNativeTarget;
			buildConfigurationList = 45B15E130947D97C00AE66EB /* Build configuration list for PBXNativeTarget "UnitTests (OS X)" */;
			buildPhases = (
				45B15E0C0947D97B00AE66EB /* Resources */,
				45B15E0D0947D97B00AE66EB /* Sources */,
				45B15E0E0947D97B00AE66EB /* Frameworks */,
			);
			buildRules = (
			);
			dependencies = (
			);
			name = "UnitTests (OS X)";
			productName = UnitTests;
			productReference = 45B15E110947D97B00AE66EB /* UnitTests.octest */;
			productType = "com.apple.product-type.bundle";
		};
		45F7EDF01775158A00D6A15C /* Benchmarks (iOS) */ = {
			isa = PBXNativeTarget;
			buildConfigurationList = 45F7EE1E1775158A00D6A15C /* Build configuration list for PBXNativeTarget "Benchmarks (iOS)" */;
			buildPhases = (
				45F7EDED1775158A00D6A15C /* Sources */,
				45F7EDEE1775158A00D6A15C /* Frameworks */,
				45F7EDEF1775158A00D6A15C /* Resources */,
			);
			buildRules = (
			);
			dependencies = (
			);
			name = "Benchmarks (iOS)";
			productName = "iOS Benchmarks";
			productReference = 45F7EDF11775158A00D6A15C /* iOS Benchmarks.app */;
			productType = "com.apple.product-type.application";
		};
		45F7EE0E1775158A00D6A15C /* UnitTests (iOS) */ = {
			isa = PBXNativeTarget;
			buildConfigurationList = 45F7EE211775158A00D6A15C /* Build configuration list for PBXNativeTarget "UnitTests (iOS)" */;
			buildPhases = (
				45F7EE0B1775158A00D6A15C /* Sources */,
				45F7EE0C1775158A00D6A15C /* Frameworks */,
				45F7EE0D1775158A00D6A15C /* Resources */,
			);
			buildRules = (
			);
			dependencies = (
				45F7EE151775158A00D6A15C /* PBXTargetDependency */,
			);
			name = "UnitTests (iOS)";
			productName = "iOS BenchmarksTests";
			productReference = 45F7EE0F1775158A00D6A15C /* iOS BenchmarksTests.xctest */;
			productType = "com.apple.product-type.bundle.unit-test";
		};
/* End PBXNativeTarget section */

/* Begin PBXProject section */
		29B97313FDCFA39411CA2CEA /* Project object */ = {
			isa = PBXProject;
			attributes = {
				LastUpgradeCheck = 0500;
				TargetAttributes = {
					45F7EE0E1775158A00D6A15C = {
						TestTargetID = 45F7EDF01775158A00D6A15C;
					};
				};
			};
			buildConfigurationList = 45FC538608FBF91C0091ABDF /* Build configuration list for PBXProject "TouchJSON" */;
			compatibilityVersion = "Xcode 3.2";
			developmentRegion = English;
			hasScannedForEncodings = 1;
			knownRegions = (
				English,
				Japanese,
				French,
				German,
				en,
				Base,
			);
			mainGroup = 29B97314FDCFA39411CA2CEA /* Sample */;
			projectDirPath = "";
			projectRoot = "";
			targets = (
				450038210D82FAD6001F82C7 /* All */,
				45B15E100947D97B00AE66EB /* UnitTests (OS X) */,
				453111B00A64EDBB00A970C2 /* ConsoleTest (OS X) */,
				45F7EDF01775158A00D6A15C /* Benchmarks (iOS) */,
				45F7EE0E1775158A00D6A15C /* UnitTests (iOS) */,
			);
		};
/* End PBXProject section */

/* Begin PBXResourcesBuildPhase section */
		45B15E0C0947D97B00AE66EB /* Resources */ = {
			isa = PBXResourcesBuildPhase;
			buildActionMask = 2147483647;
			files = (
			);
			runOnlyForDeploymentPostprocessing = 0;
		};
		45F7EDEF1775158A00D6A15C /* Resources */ = {
			isa = PBXResourcesBuildPhase;
			buildActionMask = 2147483647;
			files = (
				45F7EE0A1775158A00D6A15C /* Images.xcassets in Resources */,
				45F7EDFC1775158A00D6A15C /* InfoPlist.strings in Resources */,
				45F7EE051775158A00D6A15C /* Main.storyboard in Resources */,
			);
			runOnlyForDeploymentPostprocessing = 0;
		};
		45F7EE0D1775158A00D6A15C /* Resources */ = {
			isa = PBXResourcesBuildPhase;
			buildActionMask = 2147483647;
			files = (
				45F7EE1B1775158A00D6A15C /* InfoPlist.strings in Resources */,
			);
			runOnlyForDeploymentPostprocessing = 0;
		};
/* End PBXResourcesBuildPhase section */

/* Begin PBXSourcesBuildPhase section */
		453111AE0A64EDBB00A970C2 /* Sources */ = {
			isa = PBXSourcesBuildPhase;
			buildActionMask = 2147483647;
			files = (
				453111C40A64EE3D00A970C2 /* main.m in Sources */,
				45BB4624174D6C79000473E5 /* CJSONDeserializer.m in Sources */,
				45BB4628174D6C79000473E5 /* CJSONSerializer.m in Sources */,
				45BB462A174D6C79000473E5 /* NSDictionary_JSONExtensions.m in Sources */,
			);
			runOnlyForDeploymentPostprocessing = 0;
		};
		45B15E0D0947D97B00AE66EB /* Sources */ = {
			isa = PBXSourcesBuildPhase;
			buildActionMask = 2147483647;
			files = (
				45DFEBDF0DB7080D009267D5 /* CJSONSerializer_UnitTests.m in Sources */,
				DEDF6D770E4A4000005D2575 /* CJSONDeserializer_UnitTests.m in Sources */,
				45BB4623174D6C79000473E5 /* CJSONDeserializer.m in Sources */,
				45BB4627174D6C79000473E5 /* CJSONSerializer.m in Sources */,
				45BB4629174D6C79000473E5 /* NSDictionary_JSONExtensions.m in Sources */,
			);
			runOnlyForDeploymentPostprocessing = 0;
		};
		45F7EDED1775158A00D6A15C /* Sources */ = {
			isa = PBXSourcesBuildPhase;
			buildActionMask = 2147483647;
			files = (
				45F7EE021775158A00D6A15C /* CAppDelegate.m in Sources */,
				45F7EDFE1775158A00D6A15C /* main.m in Sources */,
				45F7EE081775158A00D6A15C /* CViewController.m in Sources */,
			);
			runOnlyForDeploymentPostprocessing = 0;
		};
		45F7EE0B1775158A00D6A15C /* Sources */ = {
			isa = PBXSourcesBuildPhase;
			buildActionMask = 2147483647;
			files = (
				45F7EE1D1775158A00D6A15C /* iOS_BenchmarksTests.m in Sources */,
			);
			runOnlyForDeploymentPostprocessing = 0;
		};
/* End PBXSourcesBuildPhase section */

/* Begin PBXTargetDependency section */
		450038260D82FADC001F82C7 /* PBXTargetDependency */ = {
			isa = PBXTargetDependency;
			target = 45B15E100947D97B00AE66EB /* UnitTests (OS X) */;
			targetProxy = 450038250D82FADC001F82C7 /* PBXContainerItemProxy */;
		};
		450038280D82FADC001F82C7 /* PBXTargetDependency */ = {
			isa = PBXTargetDependency;
			target = 453111B00A64EDBB00A970C2 /* ConsoleTest (OS X) */;
			targetProxy = 450038270D82FADC001F82C7 /* PBXContainerItemProxy */;
		};
		45F7EE151775158A00D6A15C /* PBXTargetDependency */ = {
			isa = PBXTargetDependency;
			target = 45F7EDF01775158A00D6A15C /* Benchmarks (iOS) */;
			targetProxy = 45F7EE141775158A00D6A15C /* PBXContainerItemProxy */;
		};
/* End PBXTargetDependency section */

/* Begin PBXVariantGroup section */
		45F7EDFA1775158A00D6A15C /* InfoPlist.strings */ = {
			isa = PBXVariantGroup;
			children = (
				45F7EDFB1775158A00D6A15C /* en */,
			);
			name = InfoPlist.strings;
			sourceTree = "<group>";
		};
		45F7EE031775158A00D6A15C /* Main.storyboard */ = {
			isa = PBXVariantGroup;
			children = (
				45F7EE041775158A00D6A15C /* Base */,
			);
			name = Main.storyboard;
			sourceTree = "<group>";
		};
		45F7EE191775158A00D6A15C /* InfoPlist.strings */ = {
			isa = PBXVariantGroup;
			children = (
				45F7EE1A1775158A00D6A15C /* en */,
			);
			name = InfoPlist.strings;
			sourceTree = "<group>";
		};
/* End PBXVariantGroup section */

/* Begin XCBuildConfiguration section */
		450038220D82FAD6001F82C7 /* Debug */ = {
			isa = XCBuildConfiguration;
			buildSettings = {
				COMBINE_HIDPI_IMAGES = YES;
				COPY_PHASE_STRIP = NO;
				GCC_DYNAMIC_NO_PIC = NO;
				GCC_OPTIMIZATION_LEVEL = 0;
				PRODUCT_NAME = All;
			};
			name = Debug;
		};
		450038230D82FAD6001F82C7 /* Release */ = {
			isa = XCBuildConfiguration;
			buildSettings = {
				COMBINE_HIDPI_IMAGES = YES;
				COPY_PHASE_STRIP = YES;
				DEBUG_INFORMATION_FORMAT = "dwarf-with-dsym";
				PRODUCT_NAME = All;
				ZERO_LINK = NO;
			};
			name = Release;
		};
		453111B80A64EDDE00A970C2 /* Debug */ = {
			isa = XCBuildConfiguration;
			buildSettings = {
				COPY_PHASE_STRIP = NO;
				GCC_DYNAMIC_NO_PIC = NO;
				GCC_GENERATE_DEBUGGING_SYMBOLS = YES;
				GCC_OPTIMIZATION_LEVEL = 0;
				GCC_PRECOMPILE_PREFIX_HEADER = YES;
				GCC_PREFIX_HEADER = "$(SYSTEM_LIBRARY_DIR)/Frameworks/AppKit.framework/Headers/AppKit.h";
				GCC_VERSION = com.apple.compilers.llvm.clang.1_0;
				INSTALL_PATH = "$(HOME)/bin";
				OTHER_LDFLAGS = (
					"-framework",
					Foundation,
					"-framework",
					AppKit,
				);
				PRODUCT_NAME = "TouchJSON Demo";
			};
			name = Debug;
		};
		453111B90A64EDDE00A970C2 /* Release */ = {
			isa = XCBuildConfiguration;
			buildSettings = {
				COPY_PHASE_STRIP = YES;
				GCC_DYNAMIC_NO_PIC = YES;
				GCC_GENERATE_DEBUGGING_SYMBOLS = NO;
				GCC_OPTIMIZATION_LEVEL = s;
				GCC_PRECOMPILE_PREFIX_HEADER = YES;
				GCC_PREFIX_HEADER = "$(SYSTEM_LIBRARY_DIR)/Frameworks/AppKit.framework/Headers/AppKit.h";
				GCC_VERSION = com.apple.compilers.llvm.clang.1_0;
				INSTALL_PATH = "$(HOME)/bin";
				OTHER_LDFLAGS = (
					"-framework",
					Foundation,
					"-framework",
					AppKit,
				);
				PRODUCT_NAME = "TouchJSON Demo";
			};
			name = Release;
		};
		45B15E140947D97C00AE66EB /* Debug */ = {
			isa = XCBuildConfiguration;
			buildSettings = {
				COMBINE_HIDPI_IMAGES = YES;
				COPY_PHASE_STRIP = NO;
				FRAMEWORK_SEARCH_PATHS = (
					"$(value)",
					"$(DEVELOPER_FRAMEWORKS_DIR_QUOTED)",
				);
				GCC_C_LANGUAGE_STANDARD = gnu99;
				GCC_DYNAMIC_NO_PIC = NO;
				GCC_ENABLE_OBJC_EXCEPTIONS = YES;
				GCC_GENERATE_DEBUGGING_SYMBOLS = YES;
				GCC_GENERATE_TEST_COVERAGE_FILES = YES;
				GCC_INSTRUMENT_PROGRAM_FLOW_ARCS = YES;
				GCC_MODEL_TUNING = G5;
				GCC_OPTIMIZATION_LEVEL = 0;
				GCC_PRECOMPILE_PREFIX_HEADER = YES;
				GCC_PREFIX_HEADER = "$(SYSTEM_LIBRARY_DIR)/Frameworks/Cocoa.framework/Headers/Cocoa.h";
				INFOPLIST_FILE = UnitTests/Info.plist;
				INSTALL_PATH = "$(USER_LIBRARY_DIR)/Bundles";
				OTHER_LDFLAGS = (
					"-framework",
					Cocoa,
					"-framework",
					SenTestingKit,
				);
				PRODUCT_NAME = UnitTests;
				WRAPPER_EXTENSION = octest;
				ZERO_LINK = NO;
			};
			name = Debug;
		};
		45B15E150947D97C00AE66EB /* Release */ = {
			isa = XCBuildConfiguration;
			buildSettings = {
				COMBINE_HIDPI_IMAGES = YES;
				COPY_PHASE_STRIP = YES;
				FRAMEWORK_SEARCH_PATHS = (
					"$(value)",
					"$(DEVELOPER_FRAMEWORKS_DIR_QUOTED)",
				);
				GCC_ENABLE_OBJC_EXCEPTIONS = YES;
				GCC_GENERATE_DEBUGGING_SYMBOLS = NO;
				GCC_GENERATE_TEST_COVERAGE_FILES = YES;
				GCC_INSTRUMENT_PROGRAM_FLOW_ARCS = YES;
				GCC_MODEL_TUNING = G5;
				GCC_PRECOMPILE_PREFIX_HEADER = YES;
				GCC_PREFIX_HEADER = "$(SYSTEM_LIBRARY_DIR)/Frameworks/Cocoa.framework/Headers/Cocoa.h";
				INFOPLIST_FILE = UnitTests/Info.plist;
				INSTALL_PATH = "$(USER_LIBRARY_DIR)/Bundles";
				OTHER_LDFLAGS = (
					"-framework",
					Cocoa,
					"-framework",
					SenTestingKit,
				);
				PRODUCT_NAME = UnitTests;
				WRAPPER_EXTENSION = octest;
				ZERO_LINK = NO;
			};
			name = Release;
		};
		45F7EE1F1775158A00D6A15C /* Debug */ = {
			isa = XCBuildConfiguration;
			buildSettings = {
				ALWAYS_SEARCH_USER_PATHS = NO;
				ASSETCATALOG_COMPILER_APPICON_NAME = AppIcon;
				ASSETCATALOG_COMPILER_LAUNCHIMAGE_NAME = LaunchImage;
				CLANG_CXX_LANGUAGE_STANDARD = "gnu++0x";
				CLANG_CXX_LIBRARY = "libc++";
				CLANG_ENABLE_MODULES = YES;
				CLANG_WARN_BOOL_CONVERSION = YES;
				CLANG_WARN_CONSTANT_CONVERSION = YES;
				CLANG_WARN_DIRECT_OBJC_ISA_USAGE = YES_ERROR;
				CLANG_WARN_OBJC_ROOT_CLASS = YES_ERROR;
				"CODE_SIGN_IDENTITY[sdk=iphoneos*]" = "iPhone Developer";
				COPY_PHASE_STRIP = NO;
				FRAMEWORK_SEARCH_PATHS = (
					"$(inherited)",
					"$(SYSTEM_APPS_DIR)/Xcode5-DP.app/Contents/Developer/Library/Frameworks",
				);
				GCC_C_LANGUAGE_STANDARD = gnu99;
				GCC_DYNAMIC_NO_PIC = NO;
				GCC_OPTIMIZATION_LEVEL = 0;
				GCC_PRECOMPILE_PREFIX_HEADER = YES;
				GCC_PREFIX_HEADER = "iOS Benchmarks/iOS Benchmarks-Prefix.pch";
				GCC_PREPROCESSOR_DEFINITIONS = (
					"DEBUG=1",
					"$(inherited)",
				);
				GCC_SYMBOLS_PRIVATE_EXTERN = NO;
				GCC_WARN_ABOUT_RETURN_TYPE = YES_ERROR;
				INFOPLIST_FILE = "iOS Benchmarks/iOS Benchmarks-Info.plist";
				IPHONEOS_DEPLOYMENT_TARGET = 7.0;
				PRODUCT_NAME = "$(TARGET_NAME)";
				SDKROOT = iphoneos;
				WRAPPER_EXTENSION = app;
			};
			name = Debug;
		};
		45F7EE201775158A00D6A15C /* Release */ = {
			isa = XCBuildConfiguration;
			buildSettings = {
				ALWAYS_SEARCH_USER_PATHS = NO;
				ASSETCATALOG_COMPILER_APPICON_NAME = AppIcon;
				ASSETCATALOG_COMPILER_LAUNCHIMAGE_NAME = LaunchImage;
				CLANG_CXX_LANGUAGE_STANDARD = "gnu++0x";
				CLANG_CXX_LIBRARY = "libc++";
				CLANG_ENABLE_MODULES = YES;
				CLANG_WARN_BOOL_CONVERSION = YES;
				CLANG_WARN_CONSTANT_CONVERSION = YES;
				CLANG_WARN_DIRECT_OBJC_ISA_USAGE = YES_ERROR;
				CLANG_WARN_OBJC_ROOT_CLASS = YES_ERROR;
				"CODE_SIGN_IDENTITY[sdk=iphoneos*]" = "iPhone Developer";
				COPY_PHASE_STRIP = YES;
				ENABLE_NS_ASSERTIONS = NO;
				FRAMEWORK_SEARCH_PATHS = (
					"$(inherited)",
					"$(SYSTEM_APPS_DIR)/Xcode5-DP.app/Contents/Developer/Library/Frameworks",
				);
				GCC_C_LANGUAGE_STANDARD = gnu99;
				GCC_PRECOMPILE_PREFIX_HEADER = YES;
				GCC_PREFIX_HEADER = "iOS Benchmarks/iOS Benchmarks-Prefix.pch";
				GCC_WARN_ABOUT_RETURN_TYPE = YES_ERROR;
				INFOPLIST_FILE = "iOS Benchmarks/iOS Benchmarks-Info.plist";
				IPHONEOS_DEPLOYMENT_TARGET = 7.0;
				PRODUCT_NAME = "$(TARGET_NAME)";
				SDKROOT = iphoneos;
				VALIDATE_PRODUCT = YES;
				WRAPPER_EXTENSION = app;
			};
			name = Release;
		};
		45F7EE221775158A00D6A15C /* Debug */ = {
			isa = XCBuildConfiguration;
			buildSettings = {
				ALWAYS_SEARCH_USER_PATHS = NO;
				BUNDLE_LOADER = "$(BUILT_PRODUCTS_DIR)/iOS Benchmarks.app/iOS Benchmarks";
				CLANG_CXX_LANGUAGE_STANDARD = "gnu++0x";
				CLANG_CXX_LIBRARY = "libc++";
				CLANG_ENABLE_MODULES = YES;
				CLANG_WARN_BOOL_CONVERSION = YES;
				CLANG_WARN_CONSTANT_CONVERSION = YES;
				CLANG_WARN_DIRECT_OBJC_ISA_USAGE = YES_ERROR;
				CLANG_WARN_OBJC_ROOT_CLASS = YES_ERROR;
				COPY_PHASE_STRIP = NO;
				FRAMEWORK_SEARCH_PATHS = (
					"$(SDKROOT)/Developer/Library/Frameworks",
					"$(inherited)",
					"$(SYSTEM_APPS_DIR)/Xcode5-DP.app/Contents/Developer/Library/Frameworks",
				);
				GCC_C_LANGUAGE_STANDARD = gnu99;
				GCC_DYNAMIC_NO_PIC = NO;
				GCC_OPTIMIZATION_LEVEL = 0;
				GCC_PRECOMPILE_PREFIX_HEADER = YES;
				GCC_PREFIX_HEADER = "iOS Benchmarks/iOS Benchmarks-Prefix.pch";
				GCC_PREPROCESSOR_DEFINITIONS = (
					"DEBUG=1",
					"$(inherited)",
				);
				GCC_SYMBOLS_PRIVATE_EXTERN = NO;
				GCC_WARN_ABOUT_RETURN_TYPE = YES_ERROR;
				INFOPLIST_FILE = "iOS BenchmarksTests/iOS BenchmarksTests-Info.plist";
				IPHONEOS_DEPLOYMENT_TARGET = 7.0;
				PRODUCT_NAME = "$(TARGET_NAME)";
				SDKROOT = iphoneos;
				TEST_HOST = "$(BUNDLE_LOADER)";
				WRAPPER_EXTENSION = xctest;
			};
			name = Debug;
		};
		45F7EE231775158A00D6A15C /* Release */ = {
			isa = XCBuildConfiguration;
			buildSettings = {
				ALWAYS_SEARCH_USER_PATHS = NO;
				BUNDLE_LOADER = "$(BUILT_PRODUCTS_DIR)/iOS Benchmarks.app/iOS Benchmarks";
				CLANG_CXX_LANGUAGE_STANDARD = "gnu++0x";
				CLANG_CXX_LIBRARY = "libc++";
				CLANG_ENABLE_MODULES = YES;
				CLANG_WARN_BOOL_CONVERSION = YES;
				CLANG_WARN_CONSTANT_CONVERSION = YES;
				CLANG_WARN_DIRECT_OBJC_ISA_USAGE = YES_ERROR;
				CLANG_WARN_OBJC_ROOT_CLASS = YES_ERROR;
				COPY_PHASE_STRIP = YES;
				ENABLE_NS_ASSERTIONS = NO;
				FRAMEWORK_SEARCH_PATHS = (
					"$(SDKROOT)/Developer/Library/Frameworks",
					"$(inherited)",
					"$(SYSTEM_APPS_DIR)/Xcode5-DP.app/Contents/Developer/Library/Frameworks",
				);
				GCC_C_LANGUAGE_STANDARD = gnu99;
				GCC_PRECOMPILE_PREFIX_HEADER = YES;
				GCC_PREFIX_HEADER = "iOS Benchmarks/iOS Benchmarks-Prefix.pch";
				GCC_WARN_ABOUT_RETURN_TYPE = YES_ERROR;
				INFOPLIST_FILE = "iOS BenchmarksTests/iOS BenchmarksTests-Info.plist";
				IPHONEOS_DEPLOYMENT_TARGET = 7.0;
				PRODUCT_NAME = "$(TARGET_NAME)";
				SDKROOT = iphoneos;
				TEST_HOST = "$(BUNDLE_LOADER)";
				VALIDATE_PRODUCT = YES;
				WRAPPER_EXTENSION = xctest;
			};
			name = Release;
		};
		45FC538708FBF91C0091ABDF /* Debug */ = {
			isa = XCBuildConfiguration;
			buildSettings = {
				ARCHS = "$(NATIVE_ARCH_ACTUAL)";
				CLANG_ANALYZER_SECURITY_FLOATLOOPCOUNTER = YES;
				CLANG_ANALYZER_SECURITY_INSECUREAPI_RAND = YES;
				CLANG_ANALYZER_SECURITY_INSECUREAPI_STRCPY = YES;
				CLANG_ENABLE_OBJC_ARC = YES;
				CLANG_STATIC_ANALYZER_MODE = deep;
				CLANG_WARN_DEPRECATED_OBJC_IMPLEMENTATIONS = YES;
				CLANG_WARN_EMPTY_BODY = YES;
				CLANG_WARN_ENUM_CONVERSION = YES;
				CLANG_WARN_INT_CONVERSION = YES;
				CLANG_WARN_OBJC_RECEIVER_WEAK = YES;
				CLANG_WARN__DUPLICATE_METHOD_MATCH = YES;
				GCC_C_LANGUAGE_STANDARD = c99;
				GCC_TREAT_WARNINGS_AS_ERRORS = YES;
				GCC_WARN_64_TO_32_BIT_CONVERSION = YES;
				GCC_WARN_ABOUT_MISSING_FIELD_INITIALIZERS = YES;
				GCC_WARN_ABOUT_MISSING_NEWLINE = YES;
				GCC_WARN_ABOUT_MISSING_PROTOTYPES = YES;
				GCC_WARN_ABOUT_RETURN_TYPE = YES;
				GCC_WARN_CHECK_SWITCH_STATEMENTS = YES;
				GCC_WARN_FOUR_CHARACTER_CONSTANTS = YES;
				GCC_WARN_INITIALIZER_NOT_FULLY_BRACKETED = YES;
				GCC_WARN_MISSING_PARENTHESES = YES;
				GCC_WARN_SHADOW = YES;
				GCC_WARN_SIGN_COMPARE = YES;
				GCC_WARN_STRICT_SELECTOR_MATCH = YES;
				GCC_WARN_TYPECHECK_CALLS_TO_PRINTF = YES;
				GCC_WARN_UNDECLARED_SELECTOR = YES;
				GCC_WARN_UNINITIALIZED_AUTOS = YES;
				GCC_WARN_UNUSED_FUNCTION = YES;
				GCC_WARN_UNUSED_LABEL = YES;
				GCC_WARN_UNUSED_PARAMETER = YES;
				GCC_WARN_UNUSED_VALUE = YES;
				GCC_WARN_UNUSED_VARIABLE = YES;
				ONLY_ACTIVE_ARCH = YES;
				RUN_CLANG_STATIC_ANALYZER = YES;
				SDKROOT = macosx;
			};
			name = Debug;
		};
		45FC538808FBF91C0091ABDF /* Release */ = {
			isa = XCBuildConfiguration;
			buildSettings = {
				ARCHS = "$(NATIVE_ARCH_ACTUAL)";
				CLANG_ANALYZER_SECURITY_FLOATLOOPCOUNTER = YES;
				CLANG_ANALYZER_SECURITY_INSECUREAPI_RAND = YES;
				CLANG_ANALYZER_SECURITY_INSECUREAPI_STRCPY = YES;
				CLANG_ENABLE_OBJC_ARC = YES;
				CLANG_STATIC_ANALYZER_MODE = deep;
				CLANG_WARN_DEPRECATED_OBJC_IMPLEMENTATIONS = YES;
				CLANG_WARN_EMPTY_BODY = YES;
				CLANG_WARN_ENUM_CONVERSION = YES;
				CLANG_WARN_INT_CONVERSION = YES;
				CLANG_WARN_OBJC_RECEIVER_WEAK = YES;
				CLANG_WARN__DUPLICATE_METHOD_MATCH = YES;
				GCC_C_LANGUAGE_STANDARD = c99;
				GCC_TREAT_WARNINGS_AS_ERRORS = YES;
				GCC_WARN_64_TO_32_BIT_CONVERSION = YES;
				GCC_WARN_ABOUT_MISSING_FIELD_INITIALIZERS = YES;
				GCC_WARN_ABOUT_MISSING_NEWLINE = YES;
				GCC_WARN_ABOUT_MISSING_PROTOTYPES = YES;
				GCC_WARN_ABOUT_RETURN_TYPE = YES;
				GCC_WARN_CHECK_SWITCH_STATEMENTS = YES;
				GCC_WARN_FOUR_CHARACTER_CONSTANTS = YES;
				GCC_WARN_INITIALIZER_NOT_FULLY_BRACKETED = YES;
				GCC_WARN_MISSING_PARENTHESES = YES;
				GCC_WARN_SHADOW = YES;
				GCC_WARN_SIGN_COMPARE = YES;
				GCC_WARN_STRICT_SELECTOR_MATCH = YES;
				GCC_WARN_TYPECHECK_CALLS_TO_PRINTF = YES;
				GCC_WARN_UNDECLARED_SELECTOR = YES;
				GCC_WARN_UNINITIALIZED_AUTOS = YES;
				GCC_WARN_UNUSED_FUNCTION = YES;
				GCC_WARN_UNUSED_LABEL = YES;
				GCC_WARN_UNUSED_PARAMETER = YES;
				GCC_WARN_UNUSED_VALUE = YES;
				GCC_WARN_UNUSED_VARIABLE = YES;
				ONLY_ACTIVE_ARCH = YES;
				RUN_CLANG_STATIC_ANALYZER = YES;
				SDKROOT = macosx;
			};
			name = Release;
		};
/* End XCBuildConfiguration section */

/* Begin XCConfigurationList section */
		450038320D82FAEA001F82C7 /* Build configuration list for PBXAggregateTarget "All" */ = {
			isa = XCConfigurationList;
			buildConfigurations = (
				450038220D82FAD6001F82C7 /* Debug */,
				450038230D82FAD6001F82C7 /* Release */,
			);
			defaultConfigurationIsVisible = 0;
			defaultConfigurationName = Release;
		};
		453111B70A64EDDE00A970C2 /* Build configuration list for PBXNativeTarget "ConsoleTest (OS X)" */ = {
			isa = XCConfigurationList;
			buildConfigurations = (
				453111B80A64EDDE00A970C2 /* Debug */,
				453111B90A64EDDE00A970C2 /* Release */,
			);
			defaultConfigurationIsVisible = 0;
			defaultConfigurationName = Release;
		};
		45B15E130947D97C00AE66EB /* Build configuration list for PBXNativeTarget "UnitTests (OS X)" */ = {
			isa = XCConfigurationList;
			buildConfigurations = (
				45B15E140947D97C00AE66EB /* Debug */,
				45B15E150947D97C00AE66EB /* Release */,
			);
			defaultConfigurationIsVisible = 0;
			defaultConfigurationName = Release;
		};
		45F7EE1E1775158A00D6A15C /* Build configuration list for PBXNativeTarget "Benchmarks (iOS)" */ = {
			isa = XCConfigurationList;
			buildConfigurations = (
				45F7EE1F1775158A00D6A15C /* Debug */,
				45F7EE201775158A00D6A15C /* Release */,
			);
			defaultConfigurationIsVisible = 0;
		};
		45F7EE211775158A00D6A15C /* Build configuration list for PBXNativeTarget "UnitTests (iOS)" */ = {
			isa = XCConfigurationList;
			buildConfigurations = (
				45F7EE221775158A00D6A15C /* Debug */,
				45F7EE231775158A00D6A15C /* Release */,
			);
			defaultConfigurationIsVisible = 0;
		};
		45FC538608FBF91C0091ABDF /* Build configuration list for PBXProject "TouchJSON" */ = {
			isa = XCConfigurationList;
			buildConfigurations = (
				45FC538708FBF91C0091ABDF /* Debug */,
				45FC538808FBF91C0091ABDF /* Release */,
			);
			defaultConfigurationIsVisible = 0;
			defaultConfigurationName = Release;
		};
/* End XCConfigurationList section */
	};
	rootObject = 29B97313FDCFA39411CA2CEA /* Project object */;
}
